
Microsoft Visual Studio Solution File, Format Version 12.00
# Visual Studio Version 16
VisualStudioVersion = 16.0.29911.84
MinimumVisualStudioVersion = 10.0.40219.1
Project("{9A19103F-16F7-4668-BE54-9A1E7A4F7556}") = "RedisFetcherService", "RedisFetcherService\RedisFetcherService.csproj", "{DC629707-C580-4583-AB5E-93A725F218E1}"
EndProject
Project("{9A19103F-16F7-4668-BE54-9A1E7A4F7556}") = "Common", "..\..\Common\Common\Common.csproj", "{71CD4639-6D77-411B-9AFD-CB199080FD42}"
EndProject
Global
	GlobalSection(SolutionConfigurationPlatforms) = preSolution
		Debug|Any CPU = Debug|Any CPU
		Release|Any CPU = Release|Any CPU
	EndGlobalSection
	GlobalSection(ProjectConfigurationPlatforms) = postSolution
		{DC629707-C580-4583-AB5E-93A725F218E1}.Debug|Any CPU.ActiveCfg = Debug|Any CPU
		{DC629707-C580-4583-AB5E-93A725F218E1}.Debug|Any CPU.Build.0 = Debug|Any CPU
		{DC629707-C580-4583-AB5E-93A725F218E1}.Release|Any CPU.ActiveCfg = Release|Any CPU
		{DC629707-C580-4583-AB5E-93A725F218E1}.Release|Any CPU.Build.0 = Release|Any CPU
		{71CD4639-6D77-411B-9AFD-CB199080FD42}.Debug|Any CPU.ActiveCfg = Debug|Any CPU
		{71CD4639-6D77-411B-9AFD-CB199080FD42}.Debug|Any CPU.Build.0 = Debug|Any CPU
		{71CD4639-6D77-411B-9AFD-CB199080FD42}.Release|Any CPU.ActiveCfg = Release|Any CPU
		{71CD4639-6D77-411B-9AFD-CB199080FD42}.Release|Any CPU.Build.0 = Release|Any CPU
	EndGlobalSection
	GlobalSection(SolutionProperties) = preSolution
		HideSolutionNode = FALSE
	EndGlobalSection
	GlobalSection(ExtensibilityGlobals) = postSolution
		SolutionGuid = {90E64418-B413-485D-966A-C21D3DD51DF6}
	EndGlobalSection
EndGlobal
