
Microsoft Visual Studio Solution File, Format Version 12.00
# Visual Studio Version 16
VisualStudioVersion = 16.0.29911.84
MinimumVisualStudioVersion = 10.0.40219.1
Project("{FAE04EC0-301F-11D3-BF4B-00C04F79EFBC}") = "RedisUI", "RedisUI\RedisUI.csproj", "{A8899F85-E162-47D2-BCB5-C762AC1B8C27}"
EndProject
Global
	GlobalSection(SolutionConfigurationPlatforms) = preSolution
		Debug|Any CPU = Debug|Any CPU
		Release|Any CPU = Release|Any CPU
	EndGlobalSection
	GlobalSection(ProjectConfigurationPlatforms) = postSolution
		{A8899F85-E162-47D2-BCB5-C762AC1B8C27}.Debug|Any CPU.ActiveCfg = Debug|Any CPU
		{A8899F85-E162-47D2-BCB5-C762AC1B8C27}.Debug|Any CPU.Build.0 = Debug|Any CPU
		{A8899F85-E162-47D2-BCB5-C762AC1B8C27}.Release|Any CPU.ActiveCfg = Release|Any CPU
		{A8899F85-E162-47D2-BCB5-C762AC1B8C27}.Release|Any CPU.Build.0 = Release|Any CPU
	EndGlobalSection
	GlobalSection(SolutionProperties) = preSolution
		HideSolutionNode = FALSE
	EndGlobalSection
	GlobalSection(ExtensibilityGlobals) = postSolution
		SolutionGuid = {5B93153A-210E-4344-8BF5-8E8A88A5EA93}
	EndGlobalSection
EndGlobal
